
Microsoft Visual Studio Solution File, Format Version 12.00
# Visual Studio Version 16
VisualStudioVersion = 16.0.29209.62
MinimumVisualStudioVersion = 10.0.40219.1
Project("{9A19103F-16F7-4668-BE54-9A1E7A4F7556}") = "ABC", "ABC\ABC.csproj", "{2C71B410-ABB7-42BE-AC21-BD88D4C2853A}"
EndProject
Project("{9A19103F-16F7-4668-BE54-9A1E7A4F7556}") = "ABCTests", "ABCTests\ABCTests.csproj", "{42E49B1D-0D68-40A2-95A0-76C46B58F263}"
EndProject
Project("{FAE04EC0-301F-11D3-BF4B-00C04F79EFBC}") = "XYZ", "XYZ\XYZ.csproj", "{9C7E6D42-E3DA-4E69-B24E-302377D0CE37}"
EndProject
Project("{FAE04EC0-301F-11D3-BF4B-00C04F79EFBC}") = "XYZv2", "XYZv2\XYZv2.csproj", "{8301C99C-7309-4107-AD87-C65E427AB572}"
EndProject
Global
	GlobalSection(SolutionConfigurationPlatforms) = preSolution
		Debug|Any CPU = Debug|Any CPU
		Release|Any CPU = Release|Any CPU
	EndGlobalSection
	GlobalSection(ProjectConfigurationPlatforms) = postSolution
		{2C71B410-ABB7-42BE-AC21-BD88D4C2853A}.Debug|Any CPU.ActiveCfg = Debug|Any CPU
		{2C71B410-ABB7-42BE-AC21-BD88D4C2853A}.Debug|Any CPU.Build.0 = Debug|Any CPU
		{2C71B410-ABB7-42BE-AC21-BD88D4C2853A}.Release|Any CPU.ActiveCfg = Release|Any CPU
		{2C71B410-ABB7-42BE-AC21-BD88D4C2853A}.Release|Any CPU.Build.0 = Release|Any CPU
		{42E49B1D-0D68-40A2-95A0-76C46B58F263}.Debug|Any CPU.ActiveCfg = Debug|Any CPU
		{42E49B1D-0D68-40A2-95A0-76C46B58F263}.Debug|Any CPU.Build.0 = Debug|Any CPU
		{42E49B1D-0D68-40A2-95A0-76C46B58F263}.Release|Any CPU.ActiveCfg = Release|Any CPU
		{42E49B1D-0D68-40A2-95A0-76C46B58F263}.Release|Any CPU.Build.0 = Release|Any CPU
		{9C7E6D42-E3DA-4E69-B24E-302377D0CE37}.Debug|Any CPU.ActiveCfg = Debug|Any CPU
		{9C7E6D42-E3DA-4E69-B24E-302377D0CE37}.Debug|Any CPU.Build.0 = Debug|Any CPU
		{9C7E6D42-E3DA-4E69-B24E-302377D0CE37}.Release|Any CPU.ActiveCfg = Release|Any CPU
		{9C7E6D42-E3DA-4E69-B24E-302377D0CE37}.Release|Any CPU.Build.0 = Release|Any CPU
		{8301C99C-7309-4107-AD87-C65E427AB572}.Debug|Any CPU.ActiveCfg = Debug|Any CPU
		{8301C99C-7309-4107-AD87-C65E427AB572}.Debug|Any CPU.Build.0 = Debug|Any CPU
		{8301C99C-7309-4107-AD87-C65E427AB572}.Release|Any CPU.ActiveCfg = Release|Any CPU
		{8301C99C-7309-4107-AD87-C65E427AB572}.Release|Any CPU.Build.0 = Release|Any CPU
	EndGlobalSection
	GlobalSection(SolutionProperties) = preSolution
		HideSolutionNode = FALSE
	EndGlobalSection
	GlobalSection(ExtensibilityGlobals) = postSolution
		SolutionGuid = {5C530EFD-087E-4E72-9383-3A832465F228}
	EndGlobalSection
EndGlobal
